// !$*UTF8*$!
{
	archiveVersion = 1;
	classes = {
	};
	objectVersion = 56;
	objects = {

/* Begin PBXBuildFile section */
		6F1764D32B37243E00E5FA4E /* KirisShygysAppTests.swift in Sources */ = {isa = PBXBuildFile; fileRef = 6F1764D22B37243E00E5FA4E /* KirisShygysAppTests.swift */; };
		6F1EC75D2B0A16FD0036CD9C /* FullTransactionPresenter.swift in Sources */ = {isa = PBXBuildFile; fileRef = 6F1EC75C2B0A16FD0036CD9C /* FullTransactionPresenter.swift */; };
		6F2000152B346F13004C8BD8 /* StatisticsViewController.swift in Sources */ = {isa = PBXBuildFile; fileRef = 6F2000142B346F13004C8BD8 /* StatisticsViewController.swift */; };
		6F2000192B34737B004C8BD8 /* StatisticsPresenter.swift in Sources */ = {isa = PBXBuildFile; fileRef = 6F2000182B34737B004C8BD8 /* StatisticsPresenter.swift */; };
		6F3D94B42B06721F00BCA624 /* FilterViewController.swift in Sources */ = {isa = PBXBuildFile; fileRef = 6F3D94B32B06721F00BCA624 /* FilterViewController.swift */; };
		6F430CF32AD0538500CC712A /* RegistrationModel.swift in Sources */ = {isa = PBXBuildFile; fileRef = 6F430CF22AD0538500CC712A /* RegistrationModel.swift */; };
		6F430CF52AD05C5200CC712A /* RegistrationViewController.swift in Sources */ = {isa = PBXBuildFile; fileRef = 6F430CF42AD05C5200CC712A /* RegistrationViewController.swift */; };
		6F57F2792AFFBB2E008712AE /* TransactionModel.swift in Sources */ = {isa = PBXBuildFile; fileRef = 6F57F2782AFFBB2E008712AE /* TransactionModel.swift */; };
		6F57F27D2AFFC781008712AE /* TransactionPresenter.swift in Sources */ = {isa = PBXBuildFile; fileRef = 6F57F27C2AFFC781008712AE /* TransactionPresenter.swift */; };
		6F57F27F2B0011F9008712AE /* UserDataManager.swift in Sources */ = {isa = PBXBuildFile; fileRef = 6F57F27E2B0011F9008712AE /* UserDataManager.swift */; };
		6F658BBD2ACEA9A3004ECACB /* AppDelegate.swift in Sources */ = {isa = PBXBuildFile; fileRef = 6F658BBC2ACEA9A3004ECACB /* AppDelegate.swift */; };
		6F658BBF2ACEA9A3004ECACB /* SceneDelegate.swift in Sources */ = {isa = PBXBuildFile; fileRef = 6F658BBE2ACEA9A3004ECACB /* SceneDelegate.swift */; };
		6F658BC12ACEA9A3004ECACB /* HomeViewController.swift in Sources */ = {isa = PBXBuildFile; fileRef = 6F658BC02ACEA9A3004ECACB /* HomeViewController.swift */; };
		6F658BC62ACEA9A4004ECACB /* Assets.xcassets in Resources */ = {isa = PBXBuildFile; fileRef = 6F658BC52ACEA9A4004ECACB /* Assets.xcassets */; };
		6F658BC92ACEA9A4004ECACB /* LaunchScreen.storyboard in Resources */ = {isa = PBXBuildFile; fileRef = 6F658BC72ACEA9A4004ECACB /* LaunchScreen.storyboard */; };
		6F658BD32ACEB105004ECACB /* SnapKit in Frameworks */ = {isa = PBXBuildFile; productRef = 6F658BD22ACEB105004ECACB /* SnapKit */; };
		6F658BD72ACEBAF6004ECACB /* FirebaseAuth in Frameworks */ = {isa = PBXBuildFile; productRef = 6F658BD62ACEBAF6004ECACB /* FirebaseAuth */; };
		6F658BD92ACEBAF6004ECACB /* FirebaseDatabase in Frameworks */ = {isa = PBXBuildFile; productRef = 6F658BD82ACEBAF6004ECACB /* FirebaseDatabase */; };
		6F658BDB2ACEBAF6004ECACB /* FirebaseFirestore in Frameworks */ = {isa = PBXBuildFile; productRef = 6F658BDA2ACEBAF6004ECACB /* FirebaseFirestore */; };
		6F658BDD2ACEBAF6004ECACB /* FirebaseStorage in Frameworks */ = {isa = PBXBuildFile; productRef = 6F658BDC2ACEBAF6004ECACB /* FirebaseStorage */; };
		6F7342D22AD85DB3000EA57D /* AuthService.swift in Sources */ = {isa = PBXBuildFile; fileRef = 6F7342D12AD85DB3000EA57D /* AuthService.swift */; };
		6F7CD26D2B16091E005BFAFF /* DetailTransactionView.swift in Sources */ = {isa = PBXBuildFile; fileRef = 6F7CD26C2B16091E005BFAFF /* DetailTransactionView.swift */; };
		6F7CD2732B163A2A005BFAFF /* ProfilePresenter.swift in Sources */ = {isa = PBXBuildFile; fileRef = 6F7CD2722B163A2A005BFAFF /* ProfilePresenter.swift */; };
		6F7CD2792B166425005BFAFF /* ReportViewController.swift in Sources */ = {isa = PBXBuildFile; fileRef = 6F7CD2782B166425005BFAFF /* ReportViewController.swift */; };
		6F7CD27B2B166805005BFAFF /* StoryCollectionViewCell.swift in Sources */ = {isa = PBXBuildFile; fileRef = 6F7CD27A2B166805005BFAFF /* StoryCollectionViewCell.swift */; };
		6F7CD27D2B1677BC005BFAFF /* ReportPresenter.swift in Sources */ = {isa = PBXBuildFile; fileRef = 6F7CD27C2B1677BC005BFAFF /* ReportPresenter.swift */; };
		6F7CD27F2B167A29005BFAFF /* ReportModel.swift in Sources */ = {isa = PBXBuildFile; fileRef = 6F7CD27E2B167A29005BFAFF /* ReportModel.swift */; };
		6F86B3322ACECC560092BC00 /* OnboardingModel.swift in Sources */ = {isa = PBXBuildFile; fileRef = 6F86B3312ACECC560092BC00 /* OnboardingModel.swift */; };
		6F86B3342ACED2FE0092BC00 /* OnboardingViewController.swift in Sources */ = {isa = PBXBuildFile; fileRef = 6F86B3332ACED2FE0092BC00 /* OnboardingViewController.swift */; };
		6F86B3372ACED6F90092BC00 /* UIColor+Extension.swift in Sources */ = {isa = PBXBuildFile; fileRef = 6F86B3362ACED6F90092BC00 /* UIColor+Extension.swift */; };
		6F86B3392ACEE2900092BC00 /* OnboardingCVCell.swift in Sources */ = {isa = PBXBuildFile; fileRef = 6F86B3382ACEE2900092BC00 /* OnboardingCVCell.swift */; };
		6F8D467C2B04E35B00F012AC /* Date+Extension.swift in Sources */ = {isa = PBXBuildFile; fileRef = 6F8D467B2B04E35B00F012AC /* Date+Extension.swift */; };
		6F96EA092B2DD3AD00448EEB /* MenuTableViewCell.swift in Sources */ = {isa = PBXBuildFile; fileRef = 6F96EA082B2DD3AD00448EEB /* MenuTableViewCell.swift */; };
		6F96EA0B2B2DE35B00448EEB /* CustomTableView.swift in Sources */ = {isa = PBXBuildFile; fileRef = 6F96EA0A2B2DE35B00448EEB /* CustomTableView.swift */; };
		6FAB99A52AF7EABA00CFD105 /* ProfileViewController.swift in Sources */ = {isa = PBXBuildFile; fileRef = 6FAB99A42AF7EABA00CFD105 /* ProfileViewController.swift */; };
		6FADAA6B2B2043A70001CCC6 /* UIFont+Extension.swift in Sources */ = {isa = PBXBuildFile; fileRef = 6FADAA6A2B2043A70001CCC6 /* UIFont+Extension.swift */; };
		6FADAA6E2B21E0BB0001CCC6 /* SectionTitleModel.swift in Sources */ = {isa = PBXBuildFile; fileRef = 6FADAA6D2B21E0BB0001CCC6 /* SectionTitleModel.swift */; };
		6FADAA702B2218B80001CCC6 /* DetailTableViewCell.swift in Sources */ = {isa = PBXBuildFile; fileRef = 6FADAA6F2B2218B80001CCC6 /* DetailTableViewCell.swift */; };
		6FB40F802AE7BCD6009B7863 /* AlertManager.swift in Sources */ = {isa = PBXBuildFile; fileRef = 6FB40F7F2AE7BCD6009B7863 /* AlertManager.swift */; };
		6FB40F822AE7EAE6009B7863 /* Validator.swift in Sources */ = {isa = PBXBuildFile; fileRef = 6FB40F812AE7EAE6009B7863 /* Validator.swift */; };
		6FBEB0B82B17B15F00BD1D50 /* QuoteCollectionViewCell.swift in Sources */ = {isa = PBXBuildFile; fileRef = 6FBEB0B72B17B15F00BD1D50 /* QuoteCollectionViewCell.swift */; };
		6FCF294F2AF131BF00CEA307 /* TabViewController.swift in Sources */ = {isa = PBXBuildFile; fileRef = 6FCF294E2AF131BF00CEA307 /* TabViewController.swift */; };
		6FCF29512AF189F000CEA307 /* TransactionTableViewCell.swift in Sources */ = {isa = PBXBuildFile; fileRef = 6FCF29502AF189F000CEA307 /* TransactionTableViewCell.swift */; };
		6FD28D002B239AF400816281 /* ErrorModel.swift in Sources */ = {isa = PBXBuildFile; fileRef = 6FD28CFF2B239AF400816281 /* ErrorModel.swift */; };
		6FD2CC4F2AFCFA6900580DDB /* HomePresenter.swift in Sources */ = {isa = PBXBuildFile; fileRef = 6FD2CC4E2AFCFA6900580DDB /* HomePresenter.swift */; };
		6FD2CC512AFD027500580DDB /* GoogleService-Info.plist in Resources */ = {isa = PBXBuildFile; fileRef = 6FD2CC502AFD027400580DDB /* GoogleService-Info.plist */; };
		6FD8BC762B36BBE50073B18D /* DGCharts in Frameworks */ = {isa = PBXBuildFile; productRef = 6FD8BC752B36BBE50073B18D /* DGCharts */; };
		6FE3898E2B0345E900E8844D /* FullTransactionViewController.swift in Sources */ = {isa = PBXBuildFile; fileRef = 6FE3898D2B0345E900E8844D /* FullTransactionViewController.swift */; };
		6FE462B02B092BE000DDB235 /* FilterModel.swift in Sources */ = {isa = PBXBuildFile; fileRef = 6FE462AF2B092BE000DDB235 /* FilterModel.swift */; };
		6FEE5D792AF3B6C400DAE263 /* CustomButton.swift in Sources */ = {isa = PBXBuildFile; fileRef = 6FEE5D782AF3B6C400DAE263 /* CustomButton.swift */; };
		6FEE5D7B2AF3B78400DAE263 /* CustomTabBar.swift in Sources */ = {isa = PBXBuildFile; fileRef = 6FEE5D7A2AF3B78400DAE263 /* CustomTabBar.swift */; };
		6FEE5D812AF3E7DE00DAE263 /* TransactionViewController.swift in Sources */ = {isa = PBXBuildFile; fileRef = 6FEE5D802AF3E7DE00DAE263 /* TransactionViewController.swift */; };
		6FF3A2CD2AD4222500D51E3A /* AuthorizationModel.swift in Sources */ = {isa = PBXBuildFile; fileRef = 6FF3A2CC2AD4222500D51E3A /* AuthorizationModel.swift */; };
		6FF3A2CF2AD4225000D51E3A /* AuthorizationViewController.swift in Sources */ = {isa = PBXBuildFile; fileRef = 6FF3A2CE2AD4225000D51E3A /* AuthorizationViewController.swift */; };
		6FF3A2D12AD4228400D51E3A /* AuthorizationPresenter.swift in Sources */ = {isa = PBXBuildFile; fileRef = 6FF3A2D02AD4228400D51E3A /* AuthorizationPresenter.swift */; };
		6FF3A2D32AD424B800D51E3A /* RegistrationPresenter.swift in Sources */ = {isa = PBXBuildFile; fileRef = 6FF3A2D22AD424B800D51E3A /* RegistrationPresenter.swift */; };
		6FF560A62B2B5C1C00CDC0F6 /* CardViewModel.swift in Sources */ = {isa = PBXBuildFile; fileRef = 6FF560A52B2B5C1C00CDC0F6 /* CardViewModel.swift */; };
		6FF560A82B2B629100CDC0F6 /* FullTransactionTableViewCell.swift in Sources */ = {isa = PBXBuildFile; fileRef = 6FF560A72B2B629100CDC0F6 /* FullTransactionTableViewCell.swift */; };
/* End PBXBuildFile section */

/* Begin PBXContainerItemProxy section */
		6F1764D42B37243E00E5FA4E /* PBXContainerItemProxy */ = {
			isa = PBXContainerItemProxy;
			containerPortal = 6F658BB12ACEA9A3004ECACB /* Project object */;
			proxyType = 1;
			remoteGlobalIDString = 6F658BB82ACEA9A3004ECACB;
			remoteInfo = KirisShygysApp;
		};
/* End PBXContainerItemProxy section */

/* Begin PBXFileReference section */
		6F1764CB2B37217500E5FA4E /* KirisShygysApp.app */ = {isa = PBXFileReference; explicitFileType = wrapper.application; includeInIndex = 0; path = KirisShygysApp.app; sourceTree = BUILT_PRODUCTS_DIR; };
		6F1764D02B37243E00E5FA4E /* KirisShygysAppTests.xctest */ = {isa = PBXFileReference; explicitFileType = wrapper.cfbundle; includeInIndex = 0; path = KirisShygysAppTests.xctest; sourceTree = BUILT_PRODUCTS_DIR; };
		6F1764D22B37243E00E5FA4E /* KirisShygysAppTests.swift */ = {isa = PBXFileReference; lastKnownFileType = sourcecode.swift; path = KirisShygysAppTests.swift; sourceTree = "<group>"; };
		6F1EC75C2B0A16FD0036CD9C /* FullTransactionPresenter.swift */ = {isa = PBXFileReference; lastKnownFileType = sourcecode.swift; path = FullTransactionPresenter.swift; sourceTree = "<group>"; };
		6F2000142B346F13004C8BD8 /* StatisticsViewController.swift */ = {isa = PBXFileReference; lastKnownFileType = sourcecode.swift; path = StatisticsViewController.swift; sourceTree = "<group>"; };
		6F2000182B34737B004C8BD8 /* StatisticsPresenter.swift */ = {isa = PBXFileReference; lastKnownFileType = sourcecode.swift; path = StatisticsPresenter.swift; sourceTree = "<group>"; };
		6F3D94B32B06721F00BCA624 /* FilterViewController.swift */ = {isa = PBXFileReference; lastKnownFileType = sourcecode.swift; path = FilterViewController.swift; sourceTree = "<group>"; };
		6F430CF22AD0538500CC712A /* RegistrationModel.swift */ = {isa = PBXFileReference; lastKnownFileType = sourcecode.swift; path = RegistrationModel.swift; sourceTree = "<group>"; };
		6F430CF42AD05C5200CC712A /* RegistrationViewController.swift */ = {isa = PBXFileReference; lastKnownFileType = sourcecode.swift; path = RegistrationViewController.swift; sourceTree = "<group>"; };
		6F57F2782AFFBB2E008712AE /* TransactionModel.swift */ = {isa = PBXFileReference; lastKnownFileType = sourcecode.swift; path = TransactionModel.swift; sourceTree = "<group>"; };
		6F57F27C2AFFC781008712AE /* TransactionPresenter.swift */ = {isa = PBXFileReference; lastKnownFileType = sourcecode.swift; path = TransactionPresenter.swift; sourceTree = "<group>"; };
		6F57F27E2B0011F9008712AE /* UserDataManager.swift */ = {isa = PBXFileReference; lastKnownFileType = sourcecode.swift; path = UserDataManager.swift; sourceTree = "<group>"; };
		6F658BBC2ACEA9A3004ECACB /* AppDelegate.swift */ = {isa = PBXFileReference; lastKnownFileType = sourcecode.swift; path = AppDelegate.swift; sourceTree = "<group>"; };
		6F658BBE2ACEA9A3004ECACB /* SceneDelegate.swift */ = {isa = PBXFileReference; lastKnownFileType = sourcecode.swift; path = SceneDelegate.swift; sourceTree = "<group>"; };
		6F658BC02ACEA9A3004ECACB /* HomeViewController.swift */ = {isa = PBXFileReference; lastKnownFileType = sourcecode.swift; path = HomeViewController.swift; sourceTree = "<group>"; };
		6F658BC52ACEA9A4004ECACB /* Assets.xcassets */ = {isa = PBXFileReference; lastKnownFileType = folder.assetcatalog; path = Assets.xcassets; sourceTree = "<group>"; };
		6F658BC82ACEA9A4004ECACB /* Base */ = {isa = PBXFileReference; lastKnownFileType = file.storyboard; name = Base; path = Base.lproj/LaunchScreen.storyboard; sourceTree = "<group>"; };
		6F658BCA2ACEA9A4004ECACB /* Info.plist */ = {isa = PBXFileReference; lastKnownFileType = text.plist.xml; path = Info.plist; sourceTree = "<group>"; };
		6F7342D12AD85DB3000EA57D /* AuthService.swift */ = {isa = PBXFileReference; lastKnownFileType = sourcecode.swift; path = AuthService.swift; sourceTree = "<group>"; };
		6F7CD26C2B16091E005BFAFF /* DetailTransactionView.swift */ = {isa = PBXFileReference; lastKnownFileType = sourcecode.swift; path = DetailTransactionView.swift; sourceTree = "<group>"; };
		6F7CD2722B163A2A005BFAFF /* ProfilePresenter.swift */ = {isa = PBXFileReference; lastKnownFileType = sourcecode.swift; path = ProfilePresenter.swift; sourceTree = "<group>"; };
		6F7CD2782B166425005BFAFF /* ReportViewController.swift */ = {isa = PBXFileReference; lastKnownFileType = sourcecode.swift; path = ReportViewController.swift; sourceTree = "<group>"; };
		6F7CD27A2B166805005BFAFF /* StoryCollectionViewCell.swift */ = {isa = PBXFileReference; lastKnownFileType = sourcecode.swift; path = StoryCollectionViewCell.swift; sourceTree = "<group>"; };
		6F7CD27C2B1677BC005BFAFF /* ReportPresenter.swift */ = {isa = PBXFileReference; lastKnownFileType = sourcecode.swift; path = ReportPresenter.swift; sourceTree = "<group>"; };
		6F7CD27E2B167A29005BFAFF /* ReportModel.swift */ = {isa = PBXFileReference; lastKnownFileType = sourcecode.swift; path = ReportModel.swift; sourceTree = "<group>"; };
		6F86B3312ACECC560092BC00 /* OnboardingModel.swift */ = {isa = PBXFileReference; lastKnownFileType = sourcecode.swift; path = OnboardingModel.swift; sourceTree = "<group>"; };
		6F86B3332ACED2FE0092BC00 /* OnboardingViewController.swift */ = {isa = PBXFileReference; lastKnownFileType = sourcecode.swift; path = OnboardingViewController.swift; sourceTree = "<group>"; };
		6F86B3362ACED6F90092BC00 /* UIColor+Extension.swift */ = {isa = PBXFileReference; lastKnownFileType = sourcecode.swift; path = "UIColor+Extension.swift"; sourceTree = "<group>"; };
		6F86B3382ACEE2900092BC00 /* OnboardingCVCell.swift */ = {isa = PBXFileReference; lastKnownFileType = sourcecode.swift; path = OnboardingCVCell.swift; sourceTree = "<group>"; };
		6F8D467B2B04E35B00F012AC /* Date+Extension.swift */ = {isa = PBXFileReference; lastKnownFileType = sourcecode.swift; path = "Date+Extension.swift"; sourceTree = "<group>"; };
		6F96EA082B2DD3AD00448EEB /* MenuTableViewCell.swift */ = {isa = PBXFileReference; lastKnownFileType = sourcecode.swift; path = MenuTableViewCell.swift; sourceTree = "<group>"; };
		6F96EA0A2B2DE35B00448EEB /* CustomTableView.swift */ = {isa = PBXFileReference; lastKnownFileType = sourcecode.swift; path = CustomTableView.swift; sourceTree = "<group>"; };
		6FAB99A42AF7EABA00CFD105 /* ProfileViewController.swift */ = {isa = PBXFileReference; lastKnownFileType = sourcecode.swift; path = ProfileViewController.swift; sourceTree = "<group>"; };
		6FADAA6A2B2043A70001CCC6 /* UIFont+Extension.swift */ = {isa = PBXFileReference; lastKnownFileType = sourcecode.swift; path = "UIFont+Extension.swift"; sourceTree = "<group>"; };
		6FADAA6D2B21E0BB0001CCC6 /* SectionTitleModel.swift */ = {isa = PBXFileReference; lastKnownFileType = sourcecode.swift; path = SectionTitleModel.swift; sourceTree = "<group>"; };
		6FADAA6F2B2218B80001CCC6 /* DetailTableViewCell.swift */ = {isa = PBXFileReference; lastKnownFileType = sourcecode.swift; path = DetailTableViewCell.swift; sourceTree = "<group>"; };
		6FB40F7F2AE7BCD6009B7863 /* AlertManager.swift */ = {isa = PBXFileReference; lastKnownFileType = sourcecode.swift; path = AlertManager.swift; sourceTree = "<group>"; };
		6FB40F812AE7EAE6009B7863 /* Validator.swift */ = {isa = PBXFileReference; lastKnownFileType = sourcecode.swift; path = Validator.swift; sourceTree = "<group>"; };
		6FBEB0B72B17B15F00BD1D50 /* QuoteCollectionViewCell.swift */ = {isa = PBXFileReference; lastKnownFileType = sourcecode.swift; path = QuoteCollectionViewCell.swift; sourceTree = "<group>"; };
		6FCF294E2AF131BF00CEA307 /* TabViewController.swift */ = {isa = PBXFileReference; lastKnownFileType = sourcecode.swift; path = TabViewController.swift; sourceTree = "<group>"; };
		6FCF29502AF189F000CEA307 /* TransactionTableViewCell.swift */ = {isa = PBXFileReference; lastKnownFileType = sourcecode.swift; path = TransactionTableViewCell.swift; sourceTree = "<group>"; };
		6FD28CFF2B239AF400816281 /* ErrorModel.swift */ = {isa = PBXFileReference; lastKnownFileType = sourcecode.swift; path = ErrorModel.swift; sourceTree = "<group>"; };
		6FD2CC4E2AFCFA6900580DDB /* HomePresenter.swift */ = {isa = PBXFileReference; lastKnownFileType = sourcecode.swift; path = HomePresenter.swift; sourceTree = "<group>"; };
		6FD2CC502AFD027400580DDB /* GoogleService-Info.plist */ = {isa = PBXFileReference; fileEncoding = 4; lastKnownFileType = text.plist.xml; path = "GoogleService-Info.plist"; sourceTree = "<group>"; };
		6FE3898D2B0345E900E8844D /* FullTransactionViewController.swift */ = {isa = PBXFileReference; lastKnownFileType = sourcecode.swift; path = FullTransactionViewController.swift; sourceTree = "<group>"; };
		6FE462AF2B092BE000DDB235 /* FilterModel.swift */ = {isa = PBXFileReference; lastKnownFileType = sourcecode.swift; path = FilterModel.swift; sourceTree = "<group>"; };
		6FEE5D782AF3B6C400DAE263 /* CustomButton.swift */ = {isa = PBXFileReference; lastKnownFileType = sourcecode.swift; path = CustomButton.swift; sourceTree = "<group>"; };
		6FEE5D7A2AF3B78400DAE263 /* CustomTabBar.swift */ = {isa = PBXFileReference; lastKnownFileType = sourcecode.swift; path = CustomTabBar.swift; sourceTree = "<group>"; };
		6FEE5D802AF3E7DE00DAE263 /* TransactionViewController.swift */ = {isa = PBXFileReference; lastKnownFileType = sourcecode.swift; path = TransactionViewController.swift; sourceTree = "<group>"; };
		6FF3A2CC2AD4222500D51E3A /* AuthorizationModel.swift */ = {isa = PBXFileReference; lastKnownFileType = sourcecode.swift; path = AuthorizationModel.swift; sourceTree = "<group>"; };
		6FF3A2CE2AD4225000D51E3A /* AuthorizationViewController.swift */ = {isa = PBXFileReference; lastKnownFileType = sourcecode.swift; path = AuthorizationViewController.swift; sourceTree = "<group>"; };
		6FF3A2D02AD4228400D51E3A /* AuthorizationPresenter.swift */ = {isa = PBXFileReference; lastKnownFileType = sourcecode.swift; path = AuthorizationPresenter.swift; sourceTree = "<group>"; };
		6FF3A2D22AD424B800D51E3A /* RegistrationPresenter.swift */ = {isa = PBXFileReference; lastKnownFileType = sourcecode.swift; path = RegistrationPresenter.swift; sourceTree = "<group>"; };
		6FF560A52B2B5C1C00CDC0F6 /* CardViewModel.swift */ = {isa = PBXFileReference; lastKnownFileType = sourcecode.swift; path = CardViewModel.swift; sourceTree = "<group>"; };
		6FF560A72B2B629100CDC0F6 /* FullTransactionTableViewCell.swift */ = {isa = PBXFileReference; lastKnownFileType = sourcecode.swift; path = FullTransactionTableViewCell.swift; sourceTree = "<group>"; };
/* End PBXFileReference section */

/* Begin PBXFrameworksBuildPhase section */
		6F1764CD2B37243E00E5FA4E /* Frameworks */ = {
			isa = PBXFrameworksBuildPhase;
			buildActionMask = 2147483647;
			files = (
			);
			runOnlyForDeploymentPostprocessing = 0;
		};
		6F658BB62ACEA9A3004ECACB /* Frameworks */ = {
			isa = PBXFrameworksBuildPhase;
			buildActionMask = 2147483647;
			files = (
				6F658BD92ACEBAF6004ECACB /* FirebaseDatabase in Frameworks */,
				6F658BDB2ACEBAF6004ECACB /* FirebaseFirestore in Frameworks */,
				6F658BD32ACEB105004ECACB /* SnapKit in Frameworks */,
				6F658BDD2ACEBAF6004ECACB /* FirebaseStorage in Frameworks */,
				6FD8BC762B36BBE50073B18D /* DGCharts in Frameworks */,
				6F658BD72ACEBAF6004ECACB /* FirebaseAuth in Frameworks */,
			);
			runOnlyForDeploymentPostprocessing = 0;
		};
/* End PBXFrameworksBuildPhase section */

/* Begin PBXGroup section */
		6F1764D12B37243E00E5FA4E /* KirisShygysAppTests */ = {
			isa = PBXGroup;
			children = (
				6F1764D22B37243E00E5FA4E /* KirisShygysAppTests.swift */,
			);
			path = KirisShygysAppTests;
			sourceTree = "<group>";
		};
		6F20000B2B3465D1004C8BD8 /* StatisticsModule */ = {
			isa = PBXGroup;
			children = (
				6F2000112B346EEA004C8BD8 /* Model */,
				6F2000122B346EEF004C8BD8 /* View */,
				6F2000132B346EF4004C8BD8 /* Presenter */,
			);
			path = StatisticsModule;
			sourceTree = "<group>";
		};
		6F2000112B346EEA004C8BD8 /* Model */ = {
			isa = PBXGroup;
			children = (
			);
			path = Model;
			sourceTree = "<group>";
		};
		6F2000122B346EEF004C8BD8 /* View */ = {
			isa = PBXGroup;
			children = (
				6F2000142B346F13004C8BD8 /* StatisticsViewController.swift */,
			);
			path = View;
			sourceTree = "<group>";
		};
		6F2000132B346EF4004C8BD8 /* Presenter */ = {
			isa = PBXGroup;
			children = (
				6F2000182B34737B004C8BD8 /* StatisticsPresenter.swift */,
			);
			path = Presenter;
			sourceTree = "<group>";
		};
		6F3D94AF2B0671C400BCA624 /* FilterModule */ = {
			isa = PBXGroup;
			children = (
				6F3D94B22B0671FA00BCA624 /* Model */,
				6F3D94B12B0671F300BCA624 /* View */,
			);
			path = FilterModule;
			sourceTree = "<group>";
		};
		6F3D94B12B0671F300BCA624 /* View */ = {
			isa = PBXGroup;
			children = (
				6F3D94B32B06721F00BCA624 /* FilterViewController.swift */,
			);
			path = View;
			sourceTree = "<group>";
		};
		6F3D94B22B0671FA00BCA624 /* Model */ = {
			isa = PBXGroup;
			children = (
				6FE462AF2B092BE000DDB235 /* FilterModel.swift */,
			);
			path = Model;
			sourceTree = "<group>";
		};
		6F430CED2AD0525800CC712A /* Onboarding */ = {
			isa = PBXGroup;
			children = (
				6FF3A2D52AD436C800D51E3A /* View */,
				6FF3A2D42AD436BF00D51E3A /* Model */,
			);
			path = Onboarding;
			sourceTree = "<group>";
		};
		6F430CEE2AD0526A00CC712A /* Registration */ = {
			isa = PBXGroup;
			children = (
				6F430CEF2AD052B300CC712A /* Model */,
				6F430CF02AD052BA00CC712A /* View */,
				6F430CF12AD052BF00CC712A /* Presenter */,
			);
			path = Registration;
			sourceTree = "<group>";
		};
		6F430CEF2AD052B300CC712A /* Model */ = {
			isa = PBXGroup;
			children = (
				6F430CF22AD0538500CC712A /* RegistrationModel.swift */,
			);
			path = Model;
			sourceTree = "<group>";
		};
		6F430CF02AD052BA00CC712A /* View */ = {
			isa = PBXGroup;
			children = (
				6F430CF42AD05C5200CC712A /* RegistrationViewController.swift */,
			);
			path = View;
			sourceTree = "<group>";
		};
		6F430CF12AD052BF00CC712A /* Presenter */ = {
			isa = PBXGroup;
			children = (
				6FF3A2D22AD424B800D51E3A /* RegistrationPresenter.swift */,
			);
			path = Presenter;
			sourceTree = "<group>";
		};
		6F4A7BE72AE552B900CE8892 /* HomeModule */ = {
			isa = PBXGroup;
			children = (
				6FF560A42B2B534800CDC0F6 /* Model */,
				6F4A7BE82AE552E400CE8892 /* View */,
				6F4A7BEA2AE552F800CE8892 /* Presenter */,
			);
			path = HomeModule;
			sourceTree = "<group>";
		};
		6F4A7BE82AE552E400CE8892 /* View */ = {
			isa = PBXGroup;
			children = (
				6F658BC02ACEA9A3004ECACB /* HomeViewController.swift */,
				6FCF29502AF189F000CEA307 /* TransactionTableViewCell.swift */,
			);
			path = View;
			sourceTree = "<group>";
		};
		6F4A7BEA2AE552F800CE8892 /* Presenter */ = {
			isa = PBXGroup;
			children = (
				6FD2CC4E2AFCFA6900580DDB /* HomePresenter.swift */,
			);
			path = Presenter;
			sourceTree = "<group>";
		};
		6F57F2742AFFBADE008712AE /* Model */ = {
			isa = PBXGroup;
			children = (
				6F57F2782AFFBB2E008712AE /* TransactionModel.swift */,
			);
			path = Model;
			sourceTree = "<group>";
		};
		6F57F2772AFFBAFA008712AE /* Presenter */ = {
			isa = PBXGroup;
			children = (
				6F57F27C2AFFC781008712AE /* TransactionPresenter.swift */,
			);
			path = Presenter;
			sourceTree = "<group>";
		};
		6F658BB02ACEA9A3004ECACB = {
			isa = PBXGroup;
			children = (
				6F658BBB2ACEA9A3004ECACB /* KirisShygysApp */,
				6F1764CB2B37217500E5FA4E /* KirisShygysApp.app */,
				6F1764D02B37243E00E5FA4E /* KirisShygysAppTests.xctest */,
				6F1764D12B37243E00E5FA4E /* KirisShygysAppTests */,
			);
			sourceTree = "<group>";
		};
		6F658BBB2ACEA9A3004ECACB /* KirisShygysApp */ = {
			isa = PBXGroup;
			children = (
				6F86B3352ACED6E10092BC00 /* Supporting */,
				6F7342D02AD85D32000EA57D /* Network */,
				6F86B3302ACEC9430092BC00 /* OnboardingModule */,
				6F4A7BE72AE552B900CE8892 /* HomeModule */,
				6F3D94AF2B0671C400BCA624 /* FilterModule */,
				6FE389892B03457400E8844D /* FullTransactionModule */,
				6FAB99A02AF7EA2E00CFD105 /* ProfileModule */,
				6FEE5D7C2AF3E78B00DAE263 /* TransactionModule */,
			);
			path = KirisShygysApp;
			sourceTree = "<group>";
		};
		6F7342D02AD85D32000EA57D /* Network */ = {
			isa = PBXGroup;
			children = (
				6F7342D12AD85DB3000EA57D /* AuthService.swift */,
				6F57F27E2B0011F9008712AE /* UserDataManager.swift */,
			);
			path = Network;
			sourceTree = "<group>";
		};
		6F7CD2712B1639CE005BFAFF /* Presenter */ = {
			isa = PBXGroup;
			children = (
				6F7CD2722B163A2A005BFAFF /* ProfilePresenter.swift */,
			);
			path = Presenter;
			sourceTree = "<group>";
		};
		6F7CD2742B1663D6005BFAFF /* ReportModule */ = {
			isa = PBXGroup;
			children = (
				6F7CD2772B166411005BFAFF /* Model */,
				6F7CD2762B16640B005BFAFF /* View */,
				6F7CD2752B166402005BFAFF /* Presenter */,
			);
			path = ReportModule;
			sourceTree = "<group>";
		};
		6F7CD2752B166402005BFAFF /* Presenter */ = {
			isa = PBXGroup;
			children = (
				6F7CD27C2B1677BC005BFAFF /* ReportPresenter.swift */,
			);
			path = Presenter;
			sourceTree = "<group>";
		};
		6F7CD2762B16640B005BFAFF /* View */ = {
			isa = PBXGroup;
			children = (
				6F7CD2782B166425005BFAFF /* ReportViewController.swift */,
				6F7CD27A2B166805005BFAFF /* StoryCollectionViewCell.swift */,
				6FBEB0B72B17B15F00BD1D50 /* QuoteCollectionViewCell.swift */,
			);
			path = View;
			sourceTree = "<group>";
		};
		6F7CD2772B166411005BFAFF /* Model */ = {
			isa = PBXGroup;
			children = (
				6F7CD27E2B167A29005BFAFF /* ReportModel.swift */,
			);
			path = Model;
			sourceTree = "<group>";
		};
		6F86B3302ACEC9430092BC00 /* OnboardingModule */ = {
			isa = PBXGroup;
			children = (
				6FF3A2C82AD421CF00D51E3A /* Authorization */,
				6F430CEE2AD0526A00CC712A /* Registration */,
				6F430CED2AD0525800CC712A /* Onboarding */,
			);
			path = OnboardingModule;
			sourceTree = "<group>";
		};
		6F86B3352ACED6E10092BC00 /* Supporting */ = {
			isa = PBXGroup;
			children = (
				6FEE5D772AF3B6A500DAE263 /* TabBarController */,
				6FCF294D2AF1307B00CEA307 /* AppConfiguration */,
				6F86B3362ACED6F90092BC00 /* UIColor+Extension.swift */,
				6FB40F7F2AE7BCD6009B7863 /* AlertManager.swift */,
				6F8D467B2B04E35B00F012AC /* Date+Extension.swift */,
				6FB40F812AE7EAE6009B7863 /* Validator.swift */,
				6FADAA6A2B2043A70001CCC6 /* UIFont+Extension.swift */,
				6F96EA0A2B2DE35B00448EEB /* CustomTableView.swift */,
			);
			path = Supporting;
			sourceTree = "<group>";
		};
		6FAB99A02AF7EA2E00CFD105 /* ProfileModule */ = {
			isa = PBXGroup;
			children = (
				6F7CD2742B1663D6005BFAFF /* ReportModule */,
				6F20000B2B3465D1004C8BD8 /* StatisticsModule */,
				6FD28CFE2B239AC300816281 /* Model */,
				6FAB99A22AF7EA9000CFD105 /* View */,
				6F7CD2712B1639CE005BFAFF /* Presenter */,
			);
			path = ProfileModule;
			sourceTree = "<group>";
		};
		6FAB99A22AF7EA9000CFD105 /* View */ = {
			isa = PBXGroup;
			children = (
				6FAB99A42AF7EABA00CFD105 /* ProfileViewController.swift */,
				6F96EA082B2DD3AD00448EEB /* MenuTableViewCell.swift */,
			);
			path = View;
			sourceTree = "<group>";
		};
		6FADAA6C2B21E09E0001CCC6 /* Model */ = {
			isa = PBXGroup;
			children = (
				6FADAA6D2B21E0BB0001CCC6 /* SectionTitleModel.swift */,
			);
			path = Model;
			sourceTree = "<group>";
		};
		6FCF294D2AF1307B00CEA307 /* AppConfiguration */ = {
			isa = PBXGroup;
			children = (
				6FD2CC502AFD027400580DDB /* GoogleService-Info.plist */,
				6F658BCA2ACEA9A4004ECACB /* Info.plist */,
				6F658BBC2ACEA9A3004ECACB /* AppDelegate.swift */,
				6F658BBE2ACEA9A3004ECACB /* SceneDelegate.swift */,
				6F658BC52ACEA9A4004ECACB /* Assets.xcassets */,
				6F658BC72ACEA9A4004ECACB /* LaunchScreen.storyboard */,
			);
			path = AppConfiguration;
			sourceTree = "<group>";
		};
		6FD28CFE2B239AC300816281 /* Model */ = {
			isa = PBXGroup;
			children = (
				6FD28CFF2B239AF400816281 /* ErrorModel.swift */,
			);
			path = Model;
			sourceTree = "<group>";
		};
		6FE389892B03457400E8844D /* FullTransactionModule */ = {
			isa = PBXGroup;
			children = (
				6FADAA6C2B21E09E0001CCC6 /* Model */,
				6FE3898B2B03459700E8844D /* View */,
				6FE3898A2B03458E00E8844D /* Presenter */,
			);
			path = FullTransactionModule;
			sourceTree = "<group>";
		};
		6FE3898A2B03458E00E8844D /* Presenter */ = {
			isa = PBXGroup;
			children = (
				6F1EC75C2B0A16FD0036CD9C /* FullTransactionPresenter.swift */,
			);
			path = Presenter;
			sourceTree = "<group>";
		};
		6FE3898B2B03459700E8844D /* View */ = {
			isa = PBXGroup;
			children = (
				6FE3898D2B0345E900E8844D /* FullTransactionViewController.swift */,
				6F7CD26C2B16091E005BFAFF /* DetailTransactionView.swift */,
				6FADAA6F2B2218B80001CCC6 /* DetailTableViewCell.swift */,
				6FF560A72B2B629100CDC0F6 /* FullTransactionTableViewCell.swift */,
			);
			path = View;
			sourceTree = "<group>";
		};
		6FEE5D772AF3B6A500DAE263 /* TabBarController */ = {
			isa = PBXGroup;
			children = (
				6FCF294E2AF131BF00CEA307 /* TabViewController.swift */,
				6FEE5D782AF3B6C400DAE263 /* CustomButton.swift */,
				6FEE5D7A2AF3B78400DAE263 /* CustomTabBar.swift */,
			);
			path = TabBarController;
			sourceTree = "<group>";
		};
		6FEE5D7C2AF3E78B00DAE263 /* TransactionModule */ = {
			isa = PBXGroup;
			children = (
				6F57F2742AFFBADE008712AE /* Model */,
				6FEE5D7E2AF3E7BD00DAE263 /* View */,
				6F57F2772AFFBAFA008712AE /* Presenter */,
			);
			path = TransactionModule;
			sourceTree = "<group>";
		};
		6FEE5D7E2AF3E7BD00DAE263 /* View */ = {
			isa = PBXGroup;
			children = (
				6FEE5D802AF3E7DE00DAE263 /* TransactionViewController.swift */,
			);
			path = View;
			sourceTree = "<group>";
		};
		6FF3A2C82AD421CF00D51E3A /* Authorization */ = {
			isa = PBXGroup;
			children = (
				6FF3A2C92AD421E900D51E3A /* Model */,
				6FF3A2CA2AD421F100D51E3A /* View */,
				6FF3A2CB2AD421F500D51E3A /* Presenter */,
			);
			path = Authorization;
			sourceTree = "<group>";
		};
		6FF3A2C92AD421E900D51E3A /* Model */ = {
			isa = PBXGroup;
			children = (
				6FF3A2CC2AD4222500D51E3A /* AuthorizationModel.swift */,
			);
			path = Model;
			sourceTree = "<group>";
		};
		6FF3A2CA2AD421F100D51E3A /* View */ = {
			isa = PBXGroup;
			children = (
				6FF3A2CE2AD4225000D51E3A /* AuthorizationViewController.swift */,
			);
			path = View;
			sourceTree = "<group>";
		};
		6FF3A2CB2AD421F500D51E3A /* Presenter */ = {
			isa = PBXGroup;
			children = (
				6FF3A2D02AD4228400D51E3A /* AuthorizationPresenter.swift */,
			);
			path = Presenter;
			sourceTree = "<group>";
		};
		6FF3A2D42AD436BF00D51E3A /* Model */ = {
			isa = PBXGroup;
			children = (
				6F86B3312ACECC560092BC00 /* OnboardingModel.swift */,
			);
			path = Model;
			sourceTree = "<group>";
		};
		6FF3A2D52AD436C800D51E3A /* View */ = {
			isa = PBXGroup;
			children = (
				6F86B3332ACED2FE0092BC00 /* OnboardingViewController.swift */,
				6F86B3382ACEE2900092BC00 /* OnboardingCVCell.swift */,
			);
			path = View;
			sourceTree = "<group>";
		};
		6FF560A42B2B534800CDC0F6 /* Model */ = {
			isa = PBXGroup;
			children = (
				6FF560A52B2B5C1C00CDC0F6 /* CardViewModel.swift */,
			);
			path = Model;
			sourceTree = "<group>";
		};
/* End PBXGroup section */

/* Begin PBXNativeTarget section */
		6F1764CF2B37243E00E5FA4E /* KirisShygysAppTests */ = {
			isa = PBXNativeTarget;
			buildConfigurationList = 6F1764D82B37243E00E5FA4E /* Build configuration list for PBXNativeTarget "KirisShygysAppTests" */;
			buildPhases = (
				6F1764CC2B37243E00E5FA4E /* Sources */,
				6F1764CD2B37243E00E5FA4E /* Frameworks */,
				6F1764CE2B37243E00E5FA4E /* Resources */,
			);
			buildRules = (
			);
			dependencies = (
				6F1764D52B37243E00E5FA4E /* PBXTargetDependency */,
			);
			name = KirisShygysAppTests;
			productName = KirisShygysAppTests;
			productReference = 6F1764D02B37243E00E5FA4E /* KirisShygysAppTests.xctest */;
			productType = "com.apple.product-type.bundle.unit-test";
		};
		6F658BB82ACEA9A3004ECACB /* KirisShygysApp */ = {
			isa = PBXNativeTarget;
			buildConfigurationList = 6F658BCD2ACEA9A4004ECACB /* Build configuration list for PBXNativeTarget "KirisShygysApp" */;
			buildPhases = (
				6F658BB52ACEA9A3004ECACB /* Sources */,
				6F658BB62ACEA9A3004ECACB /* Frameworks */,
				6F658BB72ACEA9A3004ECACB /* Resources */,
			);
			buildRules = (
			);
			dependencies = (
			);
			name = KirisShygysApp;
			packageProductDependencies = (
				6F658BD22ACEB105004ECACB /* SnapKit */,
				6F658BD62ACEBAF6004ECACB /* FirebaseAuth */,
				6F658BD82ACEBAF6004ECACB /* FirebaseDatabase */,
				6F658BDA2ACEBAF6004ECACB /* FirebaseFirestore */,
				6F658BDC2ACEBAF6004ECACB /* FirebaseStorage */,
				6FD8BC752B36BBE50073B18D /* DGCharts */,
			);
			productName = KirisShygysApp;
			productReference = 6F1764CB2B37217500E5FA4E /* KirisShygysApp.app */;
			productType = "com.apple.product-type.application";
		};
/* End PBXNativeTarget section */

/* Begin PBXProject section */
		6F658BB12ACEA9A3004ECACB /* Project object */ = {
			isa = PBXProject;
			attributes = {
				BuildIndependentTargetsInParallel = 1;
				LastSwiftUpdateCheck = 1500;
				LastUpgradeCheck = 1500;
				TargetAttributes = {
					6F1764CF2B37243E00E5FA4E = {
						CreatedOnToolsVersion = 15.0.1;
						TestTargetID = 6F658BB82ACEA9A3004ECACB;
					};
					6F658BB82ACEA9A3004ECACB = {
						CreatedOnToolsVersion = 14.3.1;
					};
				};
			};
			buildConfigurationList = 6F658BB42ACEA9A3004ECACB /* Build configuration list for PBXProject "KirisShygysApp" */;
			compatibilityVersion = "Xcode 14.0";
			developmentRegion = en;
			hasScannedForEncodings = 0;
			knownRegions = (
				en,
				Base,
			);
			mainGroup = 6F658BB02ACEA9A3004ECACB;
			packageReferences = (
				6F658BD12ACEB105004ECACB /* XCRemoteSwiftPackageReference "SnapKit" */,
				6F658BD52ACEBAF6004ECACB /* XCRemoteSwiftPackageReference "firebase-ios-sdk" */,
				6FD8BC742B36BBE50073B18D /* XCRemoteSwiftPackageReference "Charts" */,
			);
			productRefGroup = 6F658BB02ACEA9A3004ECACB;
			projectDirPath = "";
			projectRoot = "";
			targets = (
				6F658BB82ACEA9A3004ECACB /* KirisShygysApp */,
				6F1764CF2B37243E00E5FA4E /* KirisShygysAppTests */,
			);
		};
/* End PBXProject section */

/* Begin PBXResourcesBuildPhase section */
		6F1764CE2B37243E00E5FA4E /* Resources */ = {
			isa = PBXResourcesBuildPhase;
			buildActionMask = 2147483647;
			files = (
			);
			runOnlyForDeploymentPostprocessing = 0;
		};
		6F658BB72ACEA9A3004ECACB /* Resources */ = {
			isa = PBXResourcesBuildPhase;
			buildActionMask = 2147483647;
			files = (
				6F658BC92ACEA9A4004ECACB /* LaunchScreen.storyboard in Resources */,
				6F658BC62ACEA9A4004ECACB /* Assets.xcassets in Resources */,
				6FD2CC512AFD027500580DDB /* GoogleService-Info.plist in Resources */,
			);
			runOnlyForDeploymentPostprocessing = 0;
		};
/* End PBXResourcesBuildPhase section */

/* Begin PBXSourcesBuildPhase section */
		6F1764CC2B37243E00E5FA4E /* Sources */ = {
			isa = PBXSourcesBuildPhase;
			buildActionMask = 2147483647;
			files = (
				6F1764D32B37243E00E5FA4E /* KirisShygysAppTests.swift in Sources */,
			);
			runOnlyForDeploymentPostprocessing = 0;
		};
		6F658BB52ACEA9A3004ECACB /* Sources */ = {
			isa = PBXSourcesBuildPhase;
			buildActionMask = 2147483647;
			files = (
				6FD28D002B239AF400816281 /* ErrorModel.swift in Sources */,
				6FB40F822AE7EAE6009B7863 /* Validator.swift in Sources */,
				6FF3A2D12AD4228400D51E3A /* AuthorizationPresenter.swift in Sources */,
				6F1EC75D2B0A16FD0036CD9C /* FullTransactionPresenter.swift in Sources */,
				6F57F27F2B0011F9008712AE /* UserDataManager.swift in Sources */,
				6FF3A2CF2AD4225000D51E3A /* AuthorizationViewController.swift in Sources */,
				6F7CD27B2B166805005BFAFF /* StoryCollectionViewCell.swift in Sources */,
				6FB40F802AE7BCD6009B7863 /* AlertManager.swift in Sources */,
				6F96EA0B2B2DE35B00448EEB /* CustomTableView.swift in Sources */,
				6FEE5D792AF3B6C400DAE263 /* CustomButton.swift in Sources */,
				6FF560A82B2B629100CDC0F6 /* FullTransactionTableViewCell.swift in Sources */,
				6F86B3322ACECC560092BC00 /* OnboardingModel.swift in Sources */,
				6F658BC12ACEA9A3004ECACB /* HomeViewController.swift in Sources */,
				6FCF294F2AF131BF00CEA307 /* TabViewController.swift in Sources */,
				6F57F27D2AFFC781008712AE /* TransactionPresenter.swift in Sources */,
				6F96EA092B2DD3AD00448EEB /* MenuTableViewCell.swift in Sources */,
				6F7CD2732B163A2A005BFAFF /* ProfilePresenter.swift in Sources */,
				6F430CF32AD0538500CC712A /* RegistrationModel.swift in Sources */,
				6FF3A2CD2AD4222500D51E3A /* AuthorizationModel.swift in Sources */,
				6F2000152B346F13004C8BD8 /* StatisticsViewController.swift in Sources */,
				6FBEB0B82B17B15F00BD1D50 /* QuoteCollectionViewCell.swift in Sources */,
				6F430CF52AD05C5200CC712A /* RegistrationViewController.swift in Sources */,
				6FCF29512AF189F000CEA307 /* TransactionTableViewCell.swift in Sources */,
				6F2000192B34737B004C8BD8 /* StatisticsPresenter.swift in Sources */,
				6FE3898E2B0345E900E8844D /* FullTransactionViewController.swift in Sources */,
				6FE462B02B092BE000DDB235 /* FilterModel.swift in Sources */,
				6FF3A2D32AD424B800D51E3A /* RegistrationPresenter.swift in Sources */,
				6F3D94B42B06721F00BCA624 /* FilterViewController.swift in Sources */,
				6F86B3342ACED2FE0092BC00 /* OnboardingViewController.swift in Sources */,
				6FADAA702B2218B80001CCC6 /* DetailTableViewCell.swift in Sources */,
				6F658BBD2ACEA9A3004ECACB /* AppDelegate.swift in Sources */,
				6FD2CC4F2AFCFA6900580DDB /* HomePresenter.swift in Sources */,
				6FAB99A52AF7EABA00CFD105 /* ProfileViewController.swift in Sources */,
				6F7CD2792B166425005BFAFF /* ReportViewController.swift in Sources */,
				6FEE5D7B2AF3B78400DAE263 /* CustomTabBar.swift in Sources */,
				6F7CD26D2B16091E005BFAFF /* DetailTransactionView.swift in Sources */,
				6F86B3392ACEE2900092BC00 /* OnboardingCVCell.swift in Sources */,
				6F7CD27F2B167A29005BFAFF /* ReportModel.swift in Sources */,
				6F57F2792AFFBB2E008712AE /* TransactionModel.swift in Sources */,
				6F658BBF2ACEA9A3004ECACB /* SceneDelegate.swift in Sources */,
				6FEE5D812AF3E7DE00DAE263 /* TransactionViewController.swift in Sources */,
				6FADAA6E2B21E0BB0001CCC6 /* SectionTitleModel.swift in Sources */,
				6F7CD27D2B1677BC005BFAFF /* ReportPresenter.swift in Sources */,
				6F8D467C2B04E35B00F012AC /* Date+Extension.swift in Sources */,
				6FADAA6B2B2043A70001CCC6 /* UIFont+Extension.swift in Sources */,
				6FF560A62B2B5C1C00CDC0F6 /* CardViewModel.swift in Sources */,
				6F7342D22AD85DB3000EA57D /* AuthService.swift in Sources */,
				6F86B3372ACED6F90092BC00 /* UIColor+Extension.swift in Sources */,
			);
			runOnlyForDeploymentPostprocessing = 0;
		};
/* End PBXSourcesBuildPhase section */

/* Begin PBXTargetDependency section */
		6F1764D52B37243E00E5FA4E /* PBXTargetDependency */ = {
			isa = PBXTargetDependency;
			target = 6F658BB82ACEA9A3004ECACB /* KirisShygysApp */;
			targetProxy = 6F1764D42B37243E00E5FA4E /* PBXContainerItemProxy */;
		};
/* End PBXTargetDependency section */

/* Begin PBXVariantGroup section */
		6F658BC72ACEA9A4004ECACB /* LaunchScreen.storyboard */ = {
			isa = PBXVariantGroup;
			children = (
				6F658BC82ACEA9A4004ECACB /* Base */,
			);
			name = LaunchScreen.storyboard;
			sourceTree = "<group>";
		};
/* End PBXVariantGroup section */

/* Begin XCBuildConfiguration section */
		6F1764D62B37243E00E5FA4E /* Debug */ = {
			isa = XCBuildConfiguration;
			buildSettings = {
				ASSETCATALOG_COMPILER_GENERATE_SWIFT_ASSET_SYMBOL_EXTENSIONS = YES;
				BUNDLE_LOADER = "$(TEST_HOST)";
				CODE_SIGN_STYLE = Automatic;
				CURRENT_PROJECT_VERSION = 1;
				DEVELOPMENT_TEAM = FDQK3FFVD6;
				GCC_C_LANGUAGE_STANDARD = gnu17;
				GENERATE_INFOPLIST_FILE = YES;
				IPHONEOS_DEPLOYMENT_TARGET = 17.0;
				LOCALIZATION_PREFERS_STRING_CATALOGS = YES;
				MACOSX_DEPLOYMENT_TARGET = 14.0;
				MARKETING_VERSION = 1.0;
				PRODUCT_BUNDLE_IDENTIFIER = nuriks.KirisShygysAppTests;
				PRODUCT_NAME = "$(TARGET_NAME)";
				SDKROOT = auto;
				SUPPORTED_PLATFORMS = "iphoneos iphonesimulator macosx";
				SWIFT_ACTIVE_COMPILATION_CONDITIONS = "DEBUG $(inherited)";
				SWIFT_EMIT_LOC_STRINGS = NO;
				SWIFT_VERSION = 5.0;
				TARGETED_DEVICE_FAMILY = "1,2";
				TEST_HOST = "$(BUILT_PRODUCTS_DIR)/KirisShygysApp.app/$(BUNDLE_EXECUTABLE_FOLDER_PATH)/KirisShygysApp";
			};
			name = Debug;
		};
		6F1764D72B37243E00E5FA4E /* Release */ = {
			isa = XCBuildConfiguration;
			buildSettings = {
				ASSETCATALOG_COMPILER_GENERATE_SWIFT_ASSET_SYMBOL_EXTENSIONS = YES;
				BUNDLE_LOADER = "$(TEST_HOST)";
				CODE_SIGN_STYLE = Automatic;
				CURRENT_PROJECT_VERSION = 1;
				DEVELOPMENT_TEAM = FDQK3FFVD6;
				GCC_C_LANGUAGE_STANDARD = gnu17;
				GENERATE_INFOPLIST_FILE = YES;
				IPHONEOS_DEPLOYMENT_TARGET = 17.0;
				LOCALIZATION_PREFERS_STRING_CATALOGS = YES;
				MACOSX_DEPLOYMENT_TARGET = 14.0;
				MARKETING_VERSION = 1.0;
				PRODUCT_BUNDLE_IDENTIFIER = nuriks.KirisShygysAppTests;
				PRODUCT_NAME = "$(TARGET_NAME)";
				SDKROOT = auto;
				SUPPORTED_PLATFORMS = "iphoneos iphonesimulator macosx";
				SWIFT_EMIT_LOC_STRINGS = NO;
				SWIFT_VERSION = 5.0;
				TARGETED_DEVICE_FAMILY = "1,2";
				TEST_HOST = "$(BUILT_PRODUCTS_DIR)/KirisShygysApp.app/$(BUNDLE_EXECUTABLE_FOLDER_PATH)/KirisShygysApp";
			};
			name = Release;
		};
		6F658BCB2ACEA9A4004ECACB /* Debug */ = {
			isa = XCBuildConfiguration;
			buildSettings = {
				ALWAYS_SEARCH_USER_PATHS = NO;
				ASSETCATALOG_COMPILER_INCLUDE_ALL_APPICON_ASSETS = NO;
				CLANG_ANALYZER_NONNULL = YES;
				CLANG_ANALYZER_NUMBER_OBJECT_CONVERSION = YES_AGGRESSIVE;
				CLANG_CXX_LANGUAGE_STANDARD = "gnu++20";
				CLANG_ENABLE_MODULES = YES;
				CLANG_ENABLE_OBJC_ARC = YES;
				CLANG_ENABLE_OBJC_WEAK = YES;
				CLANG_WARN_BLOCK_CAPTURE_AUTORELEASING = YES;
				CLANG_WARN_BOOL_CONVERSION = YES;
				CLANG_WARN_COMMA = YES;
				CLANG_WARN_CONSTANT_CONVERSION = YES;
				CLANG_WARN_DEPRECATED_OBJC_IMPLEMENTATIONS = YES;
				CLANG_WARN_DIRECT_OBJC_ISA_USAGE = YES_ERROR;
				CLANG_WARN_DOCUMENTATION_COMMENTS = YES;
				CLANG_WARN_EMPTY_BODY = YES;
				CLANG_WARN_ENUM_CONVERSION = YES;
				CLANG_WARN_INFINITE_RECURSION = YES;
				CLANG_WARN_INT_CONVERSION = YES;
				CLANG_WARN_NON_LITERAL_NULL_CONVERSION = YES;
				CLANG_WARN_OBJC_IMPLICIT_RETAIN_SELF = YES;
				CLANG_WARN_OBJC_LITERAL_CONVERSION = YES;
				CLANG_WARN_OBJC_ROOT_CLASS = YES_ERROR;
				CLANG_WARN_QUOTED_INCLUDE_IN_FRAMEWORK_HEADER = YES;
				CLANG_WARN_RANGE_LOOP_ANALYSIS = YES;
				CLANG_WARN_STRICT_PROTOTYPES = YES;
				CLANG_WARN_SUSPICIOUS_MOVE = YES;
				CLANG_WARN_UNGUARDED_AVAILABILITY = YES_AGGRESSIVE;
				CLANG_WARN_UNREACHABLE_CODE = YES;
				CLANG_WARN__DUPLICATE_METHOD_MATCH = YES;
				COPY_PHASE_STRIP = NO;
				DEBUG_INFORMATION_FORMAT = dwarf;
				ENABLE_STRICT_OBJC_MSGSEND = YES;
				ENABLE_TESTABILITY = YES;
				ENABLE_USER_SCRIPT_SANDBOXING = YES;
				GCC_C_LANGUAGE_STANDARD = gnu11;
				GCC_DYNAMIC_NO_PIC = NO;
				GCC_NO_COMMON_BLOCKS = YES;
				GCC_OPTIMIZATION_LEVEL = 0;
				GCC_PREPROCESSOR_DEFINITIONS = (
					"DEBUG=1",
					"$(inherited)",
				);
				GCC_WARN_64_TO_32_BIT_CONVERSION = YES;
				GCC_WARN_ABOUT_RETURN_TYPE = YES_ERROR;
				GCC_WARN_UNDECLARED_SELECTOR = YES;
				GCC_WARN_UNINITIALIZED_AUTOS = YES_AGGRESSIVE;
				GCC_WARN_UNUSED_FUNCTION = YES;
				GCC_WARN_UNUSED_VARIABLE = YES;
				IPHONEOS_DEPLOYMENT_TARGET = 15.0;
				MTL_ENABLE_DEBUG_INFO = INCLUDE_SOURCE;
				MTL_FAST_MATH = YES;
				ONLY_ACTIVE_ARCH = YES;
				SDKROOT = iphoneos;
				SWIFT_ACTIVE_COMPILATION_CONDITIONS = DEBUG;
				SWIFT_OPTIMIZATION_LEVEL = "-Onone";
			};
			name = Debug;
		};
		6F658BCC2ACEA9A4004ECACB /* Release */ = {
			isa = XCBuildConfiguration;
			buildSettings = {
				ALWAYS_SEARCH_USER_PATHS = NO;
				ASSETCATALOG_COMPILER_INCLUDE_ALL_APPICON_ASSETS = NO;
				CLANG_ANALYZER_NONNULL = YES;
				CLANG_ANALYZER_NUMBER_OBJECT_CONVERSION = YES_AGGRESSIVE;
				CLANG_CXX_LANGUAGE_STANDARD = "gnu++20";
				CLANG_ENABLE_MODULES = YES;
				CLANG_ENABLE_OBJC_ARC = YES;
				CLANG_ENABLE_OBJC_WEAK = YES;
				CLANG_WARN_BLOCK_CAPTURE_AUTORELEASING = YES;
				CLANG_WARN_BOOL_CONVERSION = YES;
				CLANG_WARN_COMMA = YES;
				CLANG_WARN_CONSTANT_CONVERSION = YES;
				CLANG_WARN_DEPRECATED_OBJC_IMPLEMENTATIONS = YES;
				CLANG_WARN_DIRECT_OBJC_ISA_USAGE = YES_ERROR;
				CLANG_WARN_DOCUMENTATION_COMMENTS = YES;
				CLANG_WARN_EMPTY_BODY = YES;
				CLANG_WARN_ENUM_CONVERSION = YES;
				CLANG_WARN_INFINITE_RECURSION = YES;
				CLANG_WARN_INT_CONVERSION = YES;
				CLANG_WARN_NON_LITERAL_NULL_CONVERSION = YES;
				CLANG_WARN_OBJC_IMPLICIT_RETAIN_SELF = YES;
				CLANG_WARN_OBJC_LITERAL_CONVERSION = YES;
				CLANG_WARN_OBJC_ROOT_CLASS = YES_ERROR;
				CLANG_WARN_QUOTED_INCLUDE_IN_FRAMEWORK_HEADER = YES;
				CLANG_WARN_RANGE_LOOP_ANALYSIS = YES;
				CLANG_WARN_STRICT_PROTOTYPES = YES;
				CLANG_WARN_SUSPICIOUS_MOVE = YES;
				CLANG_WARN_UNGUARDED_AVAILABILITY = YES_AGGRESSIVE;
				CLANG_WARN_UNREACHABLE_CODE = YES;
				CLANG_WARN__DUPLICATE_METHOD_MATCH = YES;
				COPY_PHASE_STRIP = NO;
				DEBUG_INFORMATION_FORMAT = "dwarf-with-dsym";
				ENABLE_NS_ASSERTIONS = NO;
				ENABLE_STRICT_OBJC_MSGSEND = YES;
				ENABLE_USER_SCRIPT_SANDBOXING = YES;
				GCC_C_LANGUAGE_STANDARD = gnu11;
				GCC_NO_COMMON_BLOCKS = YES;
				GCC_WARN_64_TO_32_BIT_CONVERSION = YES;
				GCC_WARN_ABOUT_RETURN_TYPE = YES_ERROR;
				GCC_WARN_UNDECLARED_SELECTOR = YES;
				GCC_WARN_UNINITIALIZED_AUTOS = YES_AGGRESSIVE;
				GCC_WARN_UNUSED_FUNCTION = YES;
				GCC_WARN_UNUSED_VARIABLE = YES;
				IPHONEOS_DEPLOYMENT_TARGET = 15.0;
				MTL_ENABLE_DEBUG_INFO = NO;
				MTL_FAST_MATH = YES;
				SDKROOT = iphoneos;
				SWIFT_COMPILATION_MODE = wholemodule;
				SWIFT_OPTIMIZATION_LEVEL = "-O";
				VALIDATE_PRODUCT = YES;
			};
			name = Release;
		};
		6F658BCE2ACEA9A4004ECACB /* Debug */ = {
			isa = XCBuildConfiguration;
			buildSettings = {
				ASSETCATALOG_COMPILER_APPICON_NAME = AppIcon;
				ASSETCATALOG_COMPILER_GLOBAL_ACCENT_COLOR_NAME = AccentColor;
				CODE_SIGN_STYLE = Automatic;
				CURRENT_PROJECT_VERSION = 1;
				DEVELOPMENT_TEAM = FDQK3FFVD6;
				GENERATE_INFOPLIST_FILE = YES;
				INFOPLIST_FILE = KirisShygysApp/Supporting/AppConfiguration/Info.plist;
				INFOPLIST_KEY_CFBundleDisplayName = "kiris shyǵys";
				INFOPLIST_KEY_UIApplicationSupportsIndirectInputEvents = YES;
				INFOPLIST_KEY_UILaunchStoryboardName = LaunchScreen;
				INFOPLIST_KEY_UISupportedInterfaceOrientations = UIInterfaceOrientationPortrait;
				INFOPLIST_KEY_UISupportedInterfaceOrientations_iPad = "UIInterfaceOrientationLandscapeLeft UIInterfaceOrientationLandscapeRight UIInterfaceOrientationPortrait UIInterfaceOrientationPortraitUpsideDown";
				IPHONEOS_DEPLOYMENT_TARGET = 15.0;
				LD_RUNPATH_SEARCH_PATHS = (
					"$(inherited)",
					"@executable_path/Frameworks",
				);
				MARKETING_VERSION = 1.0;
				PRODUCT_BUNDLE_IDENTIFIER = nuriks.KirisShygysApp;
				PRODUCT_NAME = "$(TARGET_NAME)";
				SUPPORTED_PLATFORMS = "iphoneos iphonesimulator";
				SUPPORTS_MACCATALYST = NO;
				SUPPORTS_MAC_DESIGNED_FOR_IPHONE_IPAD = NO;
				SWIFT_EMIT_LOC_STRINGS = YES;
				SWIFT_VERSION = 5.0;
				TARGETED_DEVICE_FAMILY = 1;
			};
			name = Debug;
		};
		6F658BCF2ACEA9A4004ECACB /* Release */ = {
			isa = XCBuildConfiguration;
			buildSettings = {
				ASSETCATALOG_COMPILER_APPICON_NAME = AppIcon;
				ASSETCATALOG_COMPILER_GLOBAL_ACCENT_COLOR_NAME = AccentColor;
				CODE_SIGN_STYLE = Automatic;
				CURRENT_PROJECT_VERSION = 1;
				DEVELOPMENT_TEAM = FDQK3FFVD6;
				GENERATE_INFOPLIST_FILE = YES;
				INFOPLIST_FILE = KirisShygysApp/Supporting/AppConfiguration/Info.plist;
				INFOPLIST_KEY_CFBundleDisplayName = "kiris shyǵys";
				INFOPLIST_KEY_UIApplicationSupportsIndirectInputEvents = YES;
				INFOPLIST_KEY_UILaunchStoryboardName = LaunchScreen;
				INFOPLIST_KEY_UISupportedInterfaceOrientations = UIInterfaceOrientationPortrait;
				INFOPLIST_KEY_UISupportedInterfaceOrientations_iPad = "UIInterfaceOrientationLandscapeLeft UIInterfaceOrientationLandscapeRight UIInterfaceOrientationPortrait UIInterfaceOrientationPortraitUpsideDown";
				IPHONEOS_DEPLOYMENT_TARGET = 15.0;
				LD_RUNPATH_SEARCH_PATHS = (
					"$(inherited)",
					"@executable_path/Frameworks",
				);
				MARKETING_VERSION = 1.0;
				PRODUCT_BUNDLE_IDENTIFIER = nuriks.KirisShygysApp;
				PRODUCT_NAME = "$(TARGET_NAME)";
				SUPPORTED_PLATFORMS = "iphoneos iphonesimulator";
				SUPPORTS_MACCATALYST = NO;
				SUPPORTS_MAC_DESIGNED_FOR_IPHONE_IPAD = NO;
				SWIFT_EMIT_LOC_STRINGS = YES;
				SWIFT_VERSION = 5.0;
				TARGETED_DEVICE_FAMILY = 1;
			};
			name = Release;
		};
/* End XCBuildConfiguration section */

/* Begin XCConfigurationList section */
		6F1764D82B37243E00E5FA4E /* Build configuration list for PBXNativeTarget "KirisShygysAppTests" */ = {
			isa = XCConfigurationList;
			buildConfigurations = (
				6F1764D62B37243E00E5FA4E /* Debug */,
				6F1764D72B37243E00E5FA4E /* Release */,
			);
			defaultConfigurationIsVisible = 0;
			defaultConfigurationName = Release;
		};
		6F658BB42ACEA9A3004ECACB /* Build configuration list for PBXProject "KirisShygysApp" */ = {
			isa = XCConfigurationList;
			buildConfigurations = (
				6F658BCB2ACEA9A4004ECACB /* Debug */,
				6F658BCC2ACEA9A4004ECACB /* Release */,
			);
			defaultConfigurationIsVisible = 0;
			defaultConfigurationName = Release;
		};
		6F658BCD2ACEA9A4004ECACB /* Build configuration list for PBXNativeTarget "KirisShygysApp" */ = {
			isa = XCConfigurationList;
			buildConfigurations = (
				6F658BCE2ACEA9A4004ECACB /* Debug */,
				6F658BCF2ACEA9A4004ECACB /* Release */,
			);
			defaultConfigurationIsVisible = 0;
			defaultConfigurationName = Release;
		};
/* End XCConfigurationList section */

/* Begin XCRemoteSwiftPackageReference section */
		6F658BD12ACEB105004ECACB /* XCRemoteSwiftPackageReference "SnapKit" */ = {
			isa = XCRemoteSwiftPackageReference;
			repositoryURL = "https://github.com/SnapKit/SnapKit";
			requirement = {
				kind = upToNextMajorVersion;
				minimumVersion = 5.0.0;
			};
		};
		6F658BD52ACEBAF6004ECACB /* XCRemoteSwiftPackageReference "firebase-ios-sdk" */ = {
			isa = XCRemoteSwiftPackageReference;
			repositoryURL = "https://github.com/firebase/firebase-ios-sdk";
			requirement = {
				kind = upToNextMajorVersion;
				minimumVersion = 10.0.0;
			};
		};
		6FD8BC742B36BBE50073B18D /* XCRemoteSwiftPackageReference "Charts" */ = {
			isa = XCRemoteSwiftPackageReference;
			repositoryURL = "https://github.com/danielgindi/Charts.git";
			requirement = {
				kind = upToNextMajorVersion;
				minimumVersion = 5.0.0;
			};
		};
/* End XCRemoteSwiftPackageReference section */

/* Begin XCSwiftPackageProductDependency section */
		6F658BD22ACEB105004ECACB /* SnapKit */ = {
			isa = XCSwiftPackageProductDependency;
			package = 6F658BD12ACEB105004ECACB /* XCRemoteSwiftPackageReference "SnapKit" */;
			productName = SnapKit;
		};
		6F658BD62ACEBAF6004ECACB /* FirebaseAuth */ = {
			isa = XCSwiftPackageProductDependency;
			package = 6F658BD52ACEBAF6004ECACB /* XCRemoteSwiftPackageReference "firebase-ios-sdk" */;
			productName = FirebaseAuth;
		};
		6F658BD82ACEBAF6004ECACB /* FirebaseDatabase */ = {
			isa = XCSwiftPackageProductDependency;
			package = 6F658BD52ACEBAF6004ECACB /* XCRemoteSwiftPackageReference "firebase-ios-sdk" */;
			productName = FirebaseDatabase;
		};
		6F658BDA2ACEBAF6004ECACB /* FirebaseFirestore */ = {
			isa = XCSwiftPackageProductDependency;
			package = 6F658BD52ACEBAF6004ECACB /* XCRemoteSwiftPackageReference "firebase-ios-sdk" */;
			productName = FirebaseFirestore;
		};
		6F658BDC2ACEBAF6004ECACB /* FirebaseStorage */ = {
			isa = XCSwiftPackageProductDependency;
			package = 6F658BD52ACEBAF6004ECACB /* XCRemoteSwiftPackageReference "firebase-ios-sdk" */;
			productName = FirebaseStorage;
		};
		6FD8BC752B36BBE50073B18D /* DGCharts */ = {
			isa = XCSwiftPackageProductDependency;
			package = 6FD8BC742B36BBE50073B18D /* XCRemoteSwiftPackageReference "Charts" */;
			productName = DGCharts;
		};
/* End XCSwiftPackageProductDependency section */
	};
	rootObject = 6F658BB12ACEA9A3004ECACB /* Project object */;
}
