// !$*UTF8*$!
{
	archiveVersion = 1;
	classes = {
	};
	objectVersion = 56;
	objects = {

/* Begin PBXBuildFile section */
		6F658BBD2ACEA9A3004ECACB /* AppDelegate.swift in Sources */ = {isa = PBXBuildFile; fileRef = 6F658BBC2ACEA9A3004ECACB /* AppDelegate.swift */; };
		6F658BBF2ACEA9A3004ECACB /* SceneDelegate.swift in Sources */ = {isa = PBXBuildFile; fileRef = 6F658BBE2ACEA9A3004ECACB /* SceneDelegate.swift */; };
		6F658BC12ACEA9A3004ECACB /* ViewController.swift in Sources */ = {isa = PBXBuildFile; fileRef = 6F658BC02ACEA9A3004ECACB /* ViewController.swift */; };
		6F658BC62ACEA9A4004ECACB /* Assets.xcassets in Resources */ = {isa = PBXBuildFile; fileRef = 6F658BC52ACEA9A4004ECACB /* Assets.xcassets */; };
		6F658BC92ACEA9A4004ECACB /* LaunchScreen.storyboard in Resources */ = {isa = PBXBuildFile; fileRef = 6F658BC72ACEA9A4004ECACB /* LaunchScreen.storyboard */; };
		6F658BD32ACEB105004ECACB /* SnapKit in Frameworks */ = {isa = PBXBuildFile; productRef = 6F658BD22ACEB105004ECACB /* SnapKit */; };
		6F658BD72ACEBAF6004ECACB /* FirebaseAuth in Frameworks */ = {isa = PBXBuildFile; productRef = 6F658BD62ACEBAF6004ECACB /* FirebaseAuth */; };
		6F658BD92ACEBAF6004ECACB /* FirebaseDatabase in Frameworks */ = {isa = PBXBuildFile; productRef = 6F658BD82ACEBAF6004ECACB /* FirebaseDatabase */; };
		6F658BDB2ACEBAF6004ECACB /* FirebaseFirestore in Frameworks */ = {isa = PBXBuildFile; productRef = 6F658BDA2ACEBAF6004ECACB /* FirebaseFirestore */; };
		6F658BDD2ACEBAF6004ECACB /* FirebaseStorage in Frameworks */ = {isa = PBXBuildFile; productRef = 6F658BDC2ACEBAF6004ECACB /* FirebaseStorage */; };
/* End PBXBuildFile section */

/* Begin PBXFileReference section */
		6F658BB92ACEA9A3004ECACB /* KirisShygysApp.app */ = {isa = PBXFileReference; explicitFileType = wrapper.application; includeInIndex = 0; path = KirisShygysApp.app; sourceTree = BUILT_PRODUCTS_DIR; };
		6F658BBC2ACEA9A3004ECACB /* AppDelegate.swift */ = {isa = PBXFileReference; lastKnownFileType = sourcecode.swift; path = AppDelegate.swift; sourceTree = "<group>"; };
		6F658BBE2ACEA9A3004ECACB /* SceneDelegate.swift */ = {isa = PBXFileReference; lastKnownFileType = sourcecode.swift; path = SceneDelegate.swift; sourceTree = "<group>"; };
		6F658BC02ACEA9A3004ECACB /* ViewController.swift */ = {isa = PBXFileReference; lastKnownFileType = sourcecode.swift; path = ViewController.swift; sourceTree = "<group>"; };
		6F658BC52ACEA9A4004ECACB /* Assets.xcassets */ = {isa = PBXFileReference; lastKnownFileType = folder.assetcatalog; path = Assets.xcassets; sourceTree = "<group>"; };
		6F658BC82ACEA9A4004ECACB /* Base */ = {isa = PBXFileReference; lastKnownFileType = file.storyboard; name = Base; path = Base.lproj/LaunchScreen.storyboard; sourceTree = "<group>"; };
		6F658BCA2ACEA9A4004ECACB /* Info.plist */ = {isa = PBXFileReference; lastKnownFileType = text.plist.xml; path = Info.plist; sourceTree = "<group>"; };
/* End PBXFileReference section */

/* Begin PBXFrameworksBuildPhase section */
		6F658BB62ACEA9A3004ECACB /* Frameworks */ = {
			isa = PBXFrameworksBuildPhase;
			buildActionMask = 2147483647;
			files = (
				6F658BD92ACEBAF6004ECACB /* FirebaseDatabase in Frameworks */,
				6F658BDB2ACEBAF6004ECACB /* FirebaseFirestore in Frameworks */,
				6F658BD32ACEB105004ECACB /* SnapKit in Frameworks */,
				6F658BDD2ACEBAF6004ECACB /* FirebaseStorage in Frameworks */,
				6F658BD72ACEBAF6004ECACB /* FirebaseAuth in Frameworks */,
			);
			runOnlyForDeploymentPostprocessing = 0;
		};
/* End PBXFrameworksBuildPhase section */

/* Begin PBXGroup section */
		6F658BB02ACEA9A3004ECACB = {
			isa = PBXGroup;
			children = (
				6F658BBB2ACEA9A3004ECACB /* KirisShygysApp */,
				6F658BBA2ACEA9A3004ECACB /* Products */,
			);
			sourceTree = "<group>";
		};
		6F658BBA2ACEA9A3004ECACB /* Products */ = {
			isa = PBXGroup;
			children = (
				6F658BB92ACEA9A3004ECACB /* KirisShygysApp.app */,
			);
			name = Products;
			sourceTree = "<group>";
		};
		6F658BBB2ACEA9A3004ECACB /* KirisShygysApp */ = {
			isa = PBXGroup;
			children = (
				6F658BBC2ACEA9A3004ECACB /* AppDelegate.swift */,
				6F658BBE2ACEA9A3004ECACB /* SceneDelegate.swift */,
				6F658BC02ACEA9A3004ECACB /* ViewController.swift */,
				6F658BC52ACEA9A4004ECACB /* Assets.xcassets */,
				6F658BC72ACEA9A4004ECACB /* LaunchScreen.storyboard */,
				6F658BCA2ACEA9A4004ECACB /* Info.plist */,
			);
			path = KirisShygysApp;
			sourceTree = "<group>";
		};
/* End PBXGroup section */

/* Begin PBXNativeTarget section */
		6F658BB82ACEA9A3004ECACB /* KirisShygysApp */ = {
			isa = PBXNativeTarget;
			buildConfigurationList = 6F658BCD2ACEA9A4004ECACB /* Build configuration list for PBXNativeTarget "KirisShygysApp" */;
			buildPhases = (
				6F658BB52ACEA9A3004ECACB /* Sources */,
				6F658BB62ACEA9A3004ECACB /* Frameworks */,
				6F658BB72ACEA9A3004ECACB /* Resources */,
			);
			buildRules = (
			);
			dependencies = (
			);
			name = KirisShygysApp;
			packageProductDependencies = (
				6F658BD22ACEB105004ECACB /* SnapKit */,
				6F658BD62ACEBAF6004ECACB /* FirebaseAuth */,
				6F658BD82ACEBAF6004ECACB /* FirebaseDatabase */,
				6F658BDA2ACEBAF6004ECACB /* FirebaseFirestore */,
				6F658BDC2ACEBAF6004ECACB /* FirebaseStorage */,
			);
			productName = KirisShygysApp;
			productReference = 6F658BB92ACEA9A3004ECACB /* KirisShygysApp.app */;
			productType = "com.apple.product-type.application";
		};
/* End PBXNativeTarget section */

/* Begin PBXProject section */
		6F658BB12ACEA9A3004ECACB /* Project object */ = {
			isa = PBXProject;
			attributes = {
				BuildIndependentTargetsInParallel = 1;
				LastSwiftUpdateCheck = 1430;
				LastUpgradeCheck = 1430;
				TargetAttributes = {
					6F658BB82ACEA9A3004ECACB = {
						CreatedOnToolsVersion = 14.3.1;
					};
				};
			};
			buildConfigurationList = 6F658BB42ACEA9A3004ECACB /* Build configuration list for PBXProject "KirisShygysApp" */;
			compatibilityVersion = "Xcode 14.0";
			developmentRegion = en;
			hasScannedForEncodings = 0;
			knownRegions = (
				en,
				Base,
			);
			mainGroup = 6F658BB02ACEA9A3004ECACB;
			packageReferences = (
				6F658BD12ACEB105004ECACB /* XCRemoteSwiftPackageReference "SnapKit" */,
				6F658BD52ACEBAF6004ECACB /* XCRemoteSwiftPackageReference "firebase-ios-sdk" */,
			);
			productRefGroup = 6F658BBA2ACEA9A3004ECACB /* Products */;
			projectDirPath = "";
			projectRoot = "";
			targets = (
				6F658BB82ACEA9A3004ECACB /* KirisShygysApp */,
			);
		};
/* End PBXProject section */

/* Begin PBXResourcesBuildPhase section */
		6F658BB72ACEA9A3004ECACB /* Resources */ = {
			isa = PBXResourcesBuildPhase;
			buildActionMask = 2147483647;
			files = (
				6F658BC92ACEA9A4004ECACB /* LaunchScreen.storyboard in Resources */,
				6F658BC62ACEA9A4004ECACB /* Assets.xcassets in Resources */,
			);
			runOnlyForDeploymentPostprocessing = 0;
		};
/* End PBXResourcesBuildPhase section */

/* Begin PBXSourcesBuildPhase section */
		6F658BB52ACEA9A3004ECACB /* Sources */ = {
			isa = PBXSourcesBuildPhase;
			buildActionMask = 2147483647;
			files = (
				6F658BC12ACEA9A3004ECACB /* ViewController.swift in Sources */,
				6F658BBD2ACEA9A3004ECACB /* AppDelegate.swift in Sources */,
				6F658BBF2ACEA9A3004ECACB /* SceneDelegate.swift in Sources */,
			);
			runOnlyForDeploymentPostprocessing = 0;
		};
/* End PBXSourcesBuildPhase section */

/* Begin PBXVariantGroup section */
		6F658BC72ACEA9A4004ECACB /* LaunchScreen.storyboard */ = {
			isa = PBXVariantGroup;
			children = (
				6F658BC82ACEA9A4004ECACB /* Base */,
			);
			name = LaunchScreen.storyboard;
			sourceTree = "<group>";
		};
/* End PBXVariantGroup section */

/* Begin XCBuildConfiguration section */
		6F658BCB2ACEA9A4004ECACB /* Debug */ = {
			isa = XCBuildConfiguration;
			buildSettings = {
				ALWAYS_SEARCH_USER_PATHS = NO;
				CLANG_ANALYZER_NONNULL = YES;
				CLANG_ANALYZER_NUMBER_OBJECT_CONVERSION = YES_AGGRESSIVE;
				CLANG_CXX_LANGUAGE_STANDARD = "gnu++20";
				CLANG_ENABLE_MODULES = YES;
				CLANG_ENABLE_OBJC_ARC = YES;
				CLANG_ENABLE_OBJC_WEAK = YES;
				CLANG_WARN_BLOCK_CAPTURE_AUTORELEASING = YES;
				CLANG_WARN_BOOL_CONVERSION = YES;
				CLANG_WARN_COMMA = YES;
				CLANG_WARN_CONSTANT_CONVERSION = YES;
				CLANG_WARN_DEPRECATED_OBJC_IMPLEMENTATIONS = YES;
				CLANG_WARN_DIRECT_OBJC_ISA_USAGE = YES_ERROR;
				CLANG_WARN_DOCUMENTATION_COMMENTS = YES;
				CLANG_WARN_EMPTY_BODY = YES;
				CLANG_WARN_ENUM_CONVERSION = YES;
				CLANG_WARN_INFINITE_RECURSION = YES;
				CLANG_WARN_INT_CONVERSION = YES;
				CLANG_WARN_NON_LITERAL_NULL_CONVERSION = YES;
				CLANG_WARN_OBJC_IMPLICIT_RETAIN_SELF = YES;
				CLANG_WARN_OBJC_LITERAL_CONVERSION = YES;
				CLANG_WARN_OBJC_ROOT_CLASS = YES_ERROR;
				CLANG_WARN_QUOTED_INCLUDE_IN_FRAMEWORK_HEADER = YES;
				CLANG_WARN_RANGE_LOOP_ANALYSIS = YES;
				CLANG_WARN_STRICT_PROTOTYPES = YES;
				CLANG_WARN_SUSPICIOUS_MOVE = YES;
				CLANG_WARN_UNGUARDED_AVAILABILITY = YES_AGGRESSIVE;
				CLANG_WARN_UNREACHABLE_CODE = YES;
				CLANG_WARN__DUPLICATE_METHOD_MATCH = YES;
				COPY_PHASE_STRIP = NO;
				DEBUG_INFORMATION_FORMAT = dwarf;
				ENABLE_STRICT_OBJC_MSGSEND = YES;
				ENABLE_TESTABILITY = YES;
				GCC_C_LANGUAGE_STANDARD = gnu11;
				GCC_DYNAMIC_NO_PIC = NO;
				GCC_NO_COMMON_BLOCKS = YES;
				GCC_OPTIMIZATION_LEVEL = 0;
				GCC_PREPROCESSOR_DEFINITIONS = (
					"DEBUG=1",
					"$(inherited)",
				);
				GCC_WARN_64_TO_32_BIT_CONVERSION = YES;
				GCC_WARN_ABOUT_RETURN_TYPE = YES_ERROR;
				GCC_WARN_UNDECLARED_SELECTOR = YES;
				GCC_WARN_UNINITIALIZED_AUTOS = YES_AGGRESSIVE;
				GCC_WARN_UNUSED_FUNCTION = YES;
				GCC_WARN_UNUSED_VARIABLE = YES;
				IPHONEOS_DEPLOYMENT_TARGET = 16.4;
				MTL_ENABLE_DEBUG_INFO = INCLUDE_SOURCE;
				MTL_FAST_MATH = YES;
				ONLY_ACTIVE_ARCH = YES;
				SDKROOT = iphoneos;
				SWIFT_ACTIVE_COMPILATION_CONDITIONS = DEBUG;
				SWIFT_OPTIMIZATION_LEVEL = "-Onone";
			};
			name = Debug;
		};
		6F658BCC2ACEA9A4004ECACB /* Release */ = {
			isa = XCBuildConfiguration;
			buildSettings = {
				ALWAYS_SEARCH_USER_PATHS = NO;
				CLANG_ANALYZER_NONNULL = YES;
				CLANG_ANALYZER_NUMBER_OBJECT_CONVERSION = YES_AGGRESSIVE;
				CLANG_CXX_LANGUAGE_STANDARD = "gnu++20";
				CLANG_ENABLE_MODULES = YES;
				CLANG_ENABLE_OBJC_ARC = YES;
				CLANG_ENABLE_OBJC_WEAK = YES;
				CLANG_WARN_BLOCK_CAPTURE_AUTORELEASING = YES;
				CLANG_WARN_BOOL_CONVERSION = YES;
				CLANG_WARN_COMMA = YES;
				CLANG_WARN_CONSTANT_CONVERSION = YES;
				CLANG_WARN_DEPRECATED_OBJC_IMPLEMENTATIONS = YES;
				CLANG_WARN_DIRECT_OBJC_ISA_USAGE = YES_ERROR;
				CLANG_WARN_DOCUMENTATION_COMMENTS = YES;
				CLANG_WARN_EMPTY_BODY = YES;
				CLANG_WARN_ENUM_CONVERSION = YES;
				CLANG_WARN_INFINITE_RECURSION = YES;
				CLANG_WARN_INT_CONVERSION = YES;
				CLANG_WARN_NON_LITERAL_NULL_CONVERSION = YES;
				CLANG_WARN_OBJC_IMPLICIT_RETAIN_SELF = YES;
				CLANG_WARN_OBJC_LITERAL_CONVERSION = YES;
				CLANG_WARN_OBJC_ROOT_CLASS = YES_ERROR;
				CLANG_WARN_QUOTED_INCLUDE_IN_FRAMEWORK_HEADER = YES;
				CLANG_WARN_RANGE_LOOP_ANALYSIS = YES;
				CLANG_WARN_STRICT_PROTOTYPES = YES;
				CLANG_WARN_SUSPICIOUS_MOVE = YES;
				CLANG_WARN_UNGUARDED_AVAILABILITY = YES_AGGRESSIVE;
				CLANG_WARN_UNREACHABLE_CODE = YES;
				CLANG_WARN__DUPLICATE_METHOD_MATCH = YES;
				COPY_PHASE_STRIP = NO;
				DEBUG_INFORMATION_FORMAT = "dwarf-with-dsym";
				ENABLE_NS_ASSERTIONS = NO;
				ENABLE_STRICT_OBJC_MSGSEND = YES;
				GCC_C_LANGUAGE_STANDARD = gnu11;
				GCC_NO_COMMON_BLOCKS = YES;
				GCC_WARN_64_TO_32_BIT_CONVERSION = YES;
				GCC_WARN_ABOUT_RETURN_TYPE = YES_ERROR;
				GCC_WARN_UNDECLARED_SELECTOR = YES;
				GCC_WARN_UNINITIALIZED_AUTOS = YES_AGGRESSIVE;
				GCC_WARN_UNUSED_FUNCTION = YES;
				GCC_WARN_UNUSED_VARIABLE = YES;
				IPHONEOS_DEPLOYMENT_TARGET = 16.4;
				MTL_ENABLE_DEBUG_INFO = NO;
				MTL_FAST_MATH = YES;
				SDKROOT = iphoneos;
				SWIFT_COMPILATION_MODE = wholemodule;
				SWIFT_OPTIMIZATION_LEVEL = "-O";
				VALIDATE_PRODUCT = YES;
			};
			name = Release;
		};
		6F658BCE2ACEA9A4004ECACB /* Debug */ = {
			isa = XCBuildConfiguration;
			buildSettings = {
				ASSETCATALOG_COMPILER_APPICON_NAME = AppIcon;
				ASSETCATALOG_COMPILER_GLOBAL_ACCENT_COLOR_NAME = AccentColor;
				CODE_SIGN_STYLE = Automatic;
				CURRENT_PROJECT_VERSION = 1;
				DEVELOPMENT_TEAM = FDQK3FFVD6;
				GENERATE_INFOPLIST_FILE = YES;
				INFOPLIST_FILE = KirisShygysApp/Info.plist;
				INFOPLIST_KEY_UIApplicationSupportsIndirectInputEvents = YES;
				INFOPLIST_KEY_UILaunchStoryboardName = LaunchScreen;
				INFOPLIST_KEY_UISupportedInterfaceOrientations = UIInterfaceOrientationPortrait;
				INFOPLIST_KEY_UISupportedInterfaceOrientations_iPad = "UIInterfaceOrientationLandscapeLeft UIInterfaceOrientationLandscapeRight UIInterfaceOrientationPortrait UIInterfaceOrientationPortraitUpsideDown";
				IPHONEOS_DEPLOYMENT_TARGET = 15.0;
				LD_RUNPATH_SEARCH_PATHS = (
					"$(inherited)",
					"@executable_path/Frameworks",
				);
				MARKETING_VERSION = 1.0;
				PRODUCT_BUNDLE_IDENTIFIER = nuriks.KirisShygysApp;
				PRODUCT_NAME = "$(TARGET_NAME)";
				SUPPORTED_PLATFORMS = "iphoneos iphonesimulator";
				SUPPORTS_MACCATALYST = NO;
				SUPPORTS_MAC_DESIGNED_FOR_IPHONE_IPAD = NO;
				SWIFT_EMIT_LOC_STRINGS = YES;
				SWIFT_VERSION = 5.0;
				TARGETED_DEVICE_FAMILY = 1;
			};
			name = Debug;
		};
		6F658BCF2ACEA9A4004ECACB /* Release */ = {
			isa = XCBuildConfiguration;
			buildSettings = {
				ASSETCATALOG_COMPILER_APPICON_NAME = AppIcon;
				ASSETCATALOG_COMPILER_GLOBAL_ACCENT_COLOR_NAME = AccentColor;
				CODE_SIGN_STYLE = Automatic;
				CURRENT_PROJECT_VERSION = 1;
				DEVELOPMENT_TEAM = FDQK3FFVD6;
				GENERATE_INFOPLIST_FILE = YES;
				INFOPLIST_FILE = KirisShygysApp/Info.plist;
				INFOPLIST_KEY_UIApplicationSupportsIndirectInputEvents = YES;
				INFOPLIST_KEY_UILaunchStoryboardName = LaunchScreen;
				INFOPLIST_KEY_UISupportedInterfaceOrientations = UIInterfaceOrientationPortrait;
				INFOPLIST_KEY_UISupportedInterfaceOrientations_iPad = "UIInterfaceOrientationLandscapeLeft UIInterfaceOrientationLandscapeRight UIInterfaceOrientationPortrait UIInterfaceOrientationPortraitUpsideDown";
				IPHONEOS_DEPLOYMENT_TARGET = 15.0;
				LD_RUNPATH_SEARCH_PATHS = (
					"$(inherited)",
					"@executable_path/Frameworks",
				);
				MARKETING_VERSION = 1.0;
				PRODUCT_BUNDLE_IDENTIFIER = nuriks.KirisShygysApp;
				PRODUCT_NAME = "$(TARGET_NAME)";
				SUPPORTED_PLATFORMS = "iphoneos iphonesimulator";
				SUPPORTS_MACCATALYST = NO;
				SUPPORTS_MAC_DESIGNED_FOR_IPHONE_IPAD = NO;
				SWIFT_EMIT_LOC_STRINGS = YES;
				SWIFT_VERSION = 5.0;
				TARGETED_DEVICE_FAMILY = 1;
			};
			name = Release;
		};
/* End XCBuildConfiguration section */

/* Begin XCConfigurationList section */
		6F658BB42ACEA9A3004ECACB /* Build configuration list for PBXProject "KirisShygysApp" */ = {
			isa = XCConfigurationList;
			buildConfigurations = (
				6F658BCB2ACEA9A4004ECACB /* Debug */,
				6F658BCC2ACEA9A4004ECACB /* Release */,
			);
			defaultConfigurationIsVisible = 0;
			defaultConfigurationName = Release;
		};
		6F658BCD2ACEA9A4004ECACB /* Build configuration list for PBXNativeTarget "KirisShygysApp" */ = {
			isa = XCConfigurationList;
			buildConfigurations = (
				6F658BCE2ACEA9A4004ECACB /* Debug */,
				6F658BCF2ACEA9A4004ECACB /* Release */,
			);
			defaultConfigurationIsVisible = 0;
			defaultConfigurationName = Release;
		};
/* End XCConfigurationList section */

/* Begin XCRemoteSwiftPackageReference section */
		6F658BD12ACEB105004ECACB /* XCRemoteSwiftPackageReference "SnapKit" */ = {
			isa = XCRemoteSwiftPackageReference;
			repositoryURL = "https://github.com/SnapKit/SnapKit";
			requirement = {
				kind = upToNextMajorVersion;
				minimumVersion = 5.0.0;
			};
		};
		6F658BD52ACEBAF6004ECACB /* XCRemoteSwiftPackageReference "firebase-ios-sdk" */ = {
			isa = XCRemoteSwiftPackageReference;
			repositoryURL = "https://github.com/firebase/firebase-ios-sdk";
			requirement = {
				kind = upToNextMajorVersion;
				minimumVersion = 10.0.0;
			};
		};
/* End XCRemoteSwiftPackageReference section */

/* Begin XCSwiftPackageProductDependency section */
		6F658BD22ACEB105004ECACB /* SnapKit */ = {
			isa = XCSwiftPackageProductDependency;
			package = 6F658BD12ACEB105004ECACB /* XCRemoteSwiftPackageReference "SnapKit" */;
			productName = SnapKit;
		};
		6F658BD62ACEBAF6004ECACB /* FirebaseAuth */ = {
			isa = XCSwiftPackageProductDependency;
			package = 6F658BD52ACEBAF6004ECACB /* XCRemoteSwiftPackageReference "firebase-ios-sdk" */;
			productName = FirebaseAuth;
		};
		6F658BD82ACEBAF6004ECACB /* FirebaseDatabase */ = {
			isa = XCSwiftPackageProductDependency;
			package = 6F658BD52ACEBAF6004ECACB /* XCRemoteSwiftPackageReference "firebase-ios-sdk" */;
			productName = FirebaseDatabase;
		};
		6F658BDA2ACEBAF6004ECACB /* FirebaseFirestore */ = {
			isa = XCSwiftPackageProductDependency;
			package = 6F658BD52ACEBAF6004ECACB /* XCRemoteSwiftPackageReference "firebase-ios-sdk" */;
			productName = FirebaseFirestore;
		};
		6F658BDC2ACEBAF6004ECACB /* FirebaseStorage */ = {
			isa = XCSwiftPackageProductDependency;
			package = 6F658BD52ACEBAF6004ECACB /* XCRemoteSwiftPackageReference "firebase-ios-sdk" */;
			productName = FirebaseStorage;
		};
/* End XCSwiftPackageProductDependency section */
	};
	rootObject = 6F658BB12ACEA9A3004ECACB /* Project object */;
}
